lockfileVersion: '9.0'

settings:
  autoInstallPeers: true
  excludeLinksFromLockfile: false

importers:

  .:
    dependencies:
      react-hook-form:
        specifier: ^7.66.1
        version: 7.66.1(react@19.2.0)

packages:

  react-hook-form@7.66.1:
    resolution: {integrity: sha512-2KnjpgG2Rhbi+CIiIBQQ9Df6sMGH5ExNyFl4Hw9qO7pIqMBR8Bvu9RQyjl3JM4vehzCh9soiNUM/xYMswb2EiA==}
    engines: {node: '>=18.0.0'}
    peerDependencies:
      react: ^16.8.0 || ^17 || ^18 || ^19

  react@19.2.0:
    resolution: {integrity: sha512-tmbWg6W31tQLeB5cdIBOicJDJRR2KzXsV7uSK9iNfLWQ5bIZfxuPEHp7M8wiHyHnn0DD1i7w3Zmin0FtkrwoCQ==}
    engines: {node: '>=0.10.0'}

snapshots:

  react-hook-form@7.66.1(react@19.2.0):
    dependencies:
      react: 19.2.0

  react@19.2.0: {}
